
Microsoft Visual Studio Solution File, Format Version 12.00
# Visual Studio Version 16
VisualStudioVersion = 16.0.31005.135
MinimumVisualStudioVersion = 10.0.40219.1
Project("{9A19103F-16F7-4668-BE54-9A1E7A4F7556}") = "ReCapProject", "ReCapProject\ReCapProject.csproj", "{C6A4FA55-6078-46AF-AC17-64BB4391BB3C}"
EndProject
Project("{9A19103F-16F7-4668-BE54-9A1E7A4F7556}") = "Entities", "Entities\Entities.csproj", "{476A0722-D839-4A8A-BFBE-23F65818EB91}"
EndProject
Project("{9A19103F-16F7-4668-BE54-9A1E7A4F7556}") = "DataAccess", "DataAccess\DataAccess.csproj", "{6FA25A1F-F07E-42EB-9B2A-A9FC25AEC9B5}"
EndProject
Project("{9A19103F-16F7-4668-BE54-9A1E7A4F7556}") = "Business", "Business\Business.csproj", "{464F9D83-BE35-4295-88C6-2F3497553FA4}"
EndProject
Project("{9A19103F-16F7-4668-BE54-9A1E7A4F7556}") = "Core", "Core\Core.csproj", "{F375FD50-A5E1-4E7F-A69B-60FE05C9A4EF}"
EndProject
Project("{FAE04EC0-301F-11D3-BF4B-00C04F79EFBC}") = "WebAPI", "WebAPI\WebAPI.csproj", "{C9433E05-1251-4382-9782-8D56C2B280F0}"
EndProject
Global
	GlobalSection(SolutionConfigurationPlatforms) = preSolution
		Debug|Any CPU = Debug|Any CPU
		Release|Any CPU = Release|Any CPU
	EndGlobalSection
	GlobalSection(ProjectConfigurationPlatforms) = postSolution
		{C6A4FA55-6078-46AF-AC17-64BB4391BB3C}.Debug|Any CPU.ActiveCfg = Debug|Any CPU
		{C6A4FA55-6078-46AF-AC17-64BB4391BB3C}.Debug|Any CPU.Build.0 = Debug|Any CPU
		{C6A4FA55-6078-46AF-AC17-64BB4391BB3C}.Release|Any CPU.ActiveCfg = Release|Any CPU
		{C6A4FA55-6078-46AF-AC17-64BB4391BB3C}.Release|Any CPU.Build.0 = Release|Any CPU
		{476A0722-D839-4A8A-BFBE-23F65818EB91}.Debug|Any CPU.ActiveCfg = Debug|Any CPU
		{476A0722-D839-4A8A-BFBE-23F65818EB91}.Debug|Any CPU.Build.0 = Debug|Any CPU
		{476A0722-D839-4A8A-BFBE-23F65818EB91}.Release|Any CPU.ActiveCfg = Release|Any CPU
		{476A0722-D839-4A8A-BFBE-23F65818EB91}.Release|Any CPU.Build.0 = Release|Any CPU
		{6FA25A1F-F07E-42EB-9B2A-A9FC25AEC9B5}.Debug|Any CPU.ActiveCfg = Debug|Any CPU
		{6FA25A1F-F07E-42EB-9B2A-A9FC25AEC9B5}.Debug|Any CPU.Build.0 = Debug|Any CPU
		{6FA25A1F-F07E-42EB-9B2A-A9FC25AEC9B5}.Release|Any CPU.ActiveCfg = Release|Any CPU
		{6FA25A1F-F07E-42EB-9B2A-A9FC25AEC9B5}.Release|Any CPU.Build.0 = Release|Any CPU
		{464F9D83-BE35-4295-88C6-2F3497553FA4}.Debug|Any CPU.ActiveCfg = Debug|Any CPU
		{464F9D83-BE35-4295-88C6-2F3497553FA4}.Debug|Any CPU.Build.0 = Debug|Any CPU
		{464F9D83-BE35-4295-88C6-2F3497553FA4}.Release|Any CPU.ActiveCfg = Release|Any CPU
		{464F9D83-BE35-4295-88C6-2F3497553FA4}.Release|Any CPU.Build.0 = Release|Any CPU
		{F375FD50-A5E1-4E7F-A69B-60FE05C9A4EF}.Debug|Any CPU.ActiveCfg = Debug|Any CPU
		{F375FD50-A5E1-4E7F-A69B-60FE05C9A4EF}.Debug|Any CPU.Build.0 = Debug|Any CPU
		{F375FD50-A5E1-4E7F-A69B-60FE05C9A4EF}.Release|Any CPU.ActiveCfg = Release|Any CPU
		{F375FD50-A5E1-4E7F-A69B-60FE05C9A4EF}.Release|Any CPU.Build.0 = Release|Any CPU
		{C9433E05-1251-4382-9782-8D56C2B280F0}.Debug|Any CPU.ActiveCfg = Debug|Any CPU
		{C9433E05-1251-4382-9782-8D56C2B280F0}.Debug|Any CPU.Build.0 = Debug|Any CPU
		{C9433E05-1251-4382-9782-8D56C2B280F0}.Release|Any CPU.ActiveCfg = Release|Any CPU
		{C9433E05-1251-4382-9782-8D56C2B280F0}.Release|Any CPU.Build.0 = Release|Any CPU
	EndGlobalSection
	GlobalSection(SolutionProperties) = preSolution
		HideSolutionNode = FALSE
	EndGlobalSection
	GlobalSection(ExtensibilityGlobals) = postSolution
		SolutionGuid = {17A57564-AEC3-4570-B2D1-B28E1D7BABA9}
	EndGlobalSection
EndGlobal
